
Microsoft Visual Studio Solution File, Format Version 12.00
# Visual Studio Version 17
VisualStudioVersion = 17.0.31903.59
MinimumVisualStudioVersion = 10.0.40219.1
Project("{2150E333-8FDC-42A3-9474-1A3956D46DE8}") = "src", "src", "{827E0CD3-B72D-47B6-A68D-7590B98EB39B}"
EndProject
Project("{FAE04EC0-301F-11D3-BF4B-00C04F79EFBC}") = "TestAPI", "src\TestAPI\TestAPI.csproj", "{F5AF5AD6-ED69-455D-9A38-0D29A5D2D230}"
EndProject
Project("{FAE04EC0-301F-11D3-BF4B-00C04F79EFBC}") = "TestAPI.Client", "src\TestAPI.Client\TestAPI.Client.csproj", "{AE604C2D-647E-43B8-9CEB-DBE85B193886}"
EndProject
Project("{FAE04EC0-301F-11D3-BF4B-00C04F79EFBC}") = "TestAPI.Tests", "src\TestAPI.Tests\TestAPI.Tests.csproj", "{C0EDEBBB-BEBB-42EA-B46C-AC3926E18725}"
EndProject
Global
	GlobalSection(SolutionConfigurationPlatforms) = preSolution
		Debug|Any CPU = Debug|Any CPU
		Debug|x64 = Debug|x64
		Debug|x86 = Debug|x86
		Release|Any CPU = Release|Any CPU
		Release|x64 = Release|x64
		Release|x86 = Release|x86
	EndGlobalSection
	GlobalSection(ProjectConfigurationPlatforms) = postSolution
		{F5AF5AD6-ED69-455D-9A38-0D29A5D2D230}.Debug|Any CPU.ActiveCfg = Debug|Any CPU
		{F5AF5AD6-ED69-455D-9A38-0D29A5D2D230}.Debug|Any CPU.Build.0 = Debug|Any CPU
		{F5AF5AD6-ED69-455D-9A38-0D29A5D2D230}.Debug|x64.ActiveCfg = Debug|Any CPU
		{F5AF5AD6-ED69-455D-9A38-0D29A5D2D230}.Debug|x64.Build.0 = Debug|Any CPU
		{F5AF5AD6-ED69-455D-9A38-0D29A5D2D230}.Debug|x86.ActiveCfg = Debug|Any CPU
		{F5AF5AD6-ED69-455D-9A38-0D29A5D2D230}.Debug|x86.Build.0 = Debug|Any CPU
		{F5AF5AD6-ED69-455D-9A38-0D29A5D2D230}.Release|Any CPU.ActiveCfg = Release|Any CPU
		{F5AF5AD6-ED69-455D-9A38-0D29A5D2D230}.Release|Any CPU.Build.0 = Release|Any CPU
		{F5AF5AD6-ED69-455D-9A38-0D29A5D2D230}.Release|x64.ActiveCfg = Release|Any CPU
		{F5AF5AD6-ED69-455D-9A38-0D29A5D2D230}.Release|x64.Build.0 = Release|Any CPU
		{F5AF5AD6-ED69-455D-9A38-0D29A5D2D230}.Release|x86.ActiveCfg = Release|Any CPU
		{F5AF5AD6-ED69-455D-9A38-0D29A5D2D230}.Release|x86.Build.0 = Release|Any CPU
		{AE604C2D-647E-43B8-9CEB-DBE85B193886}.Debug|Any CPU.ActiveCfg = Debug|Any CPU
		{AE604C2D-647E-43B8-9CEB-DBE85B193886}.Debug|Any CPU.Build.0 = Debug|Any CPU
		{AE604C2D-647E-43B8-9CEB-DBE85B193886}.Debug|x64.ActiveCfg = Debug|Any CPU
		{AE604C2D-647E-43B8-9CEB-DBE85B193886}.Debug|x64.Build.0 = Debug|Any CPU
		{AE604C2D-647E-43B8-9CEB-DBE85B193886}.Debug|x86.ActiveCfg = Debug|Any CPU
		{AE604C2D-647E-43B8-9CEB-DBE85B193886}.Debug|x86.Build.0 = Debug|Any CPU
		{AE604C2D-647E-43B8-9CEB-DBE85B193886}.Release|Any CPU.ActiveCfg = Release|Any CPU
		{AE604C2D-647E-43B8-9CEB-DBE85B193886}.Release|Any CPU.Build.0 = Release|Any CPU
		{AE604C2D-647E-43B8-9CEB-DBE85B193886}.Release|x64.ActiveCfg = Release|Any CPU
		{AE604C2D-647E-43B8-9CEB-DBE85B193886}.Release|x64.Build.0 = Release|Any CPU
		{AE604C2D-647E-43B8-9CEB-DBE85B193886}.Release|x86.ActiveCfg = Release|Any CPU
		{AE604C2D-647E-43B8-9CEB-DBE85B193886}.Release|x86.Build.0 = Release|Any CPU
		{C0EDEBBB-BEBB-42EA-B46C-AC3926E18725}.Debug|Any CPU.ActiveCfg = Debug|Any CPU
		{C0EDEBBB-BEBB-42EA-B46C-AC3926E18725}.Debug|Any CPU.Build.0 = Debug|Any CPU
		{C0EDEBBB-BEBB-42EA-B46C-AC3926E18725}.Debug|x64.ActiveCfg = Debug|Any CPU
		{C0EDEBBB-BEBB-42EA-B46C-AC3926E18725}.Debug|x64.Build.0 = Debug|Any CPU
		{C0EDEBBB-BEBB-42EA-B46C-AC3926E18725}.Debug|x86.ActiveCfg = Debug|Any CPU
		{C0EDEBBB-BEBB-42EA-B46C-AC3926E18725}.Debug|x86.Build.0 = Debug|Any CPU
		{C0EDEBBB-BEBB-42EA-B46C-AC3926E18725}.Release|Any CPU.ActiveCfg = Release|Any CPU
		{C0EDEBBB-BEBB-42EA-B46C-AC3926E18725}.Release|Any CPU.Build.0 = Release|Any CPU
		{C0EDEBBB-BEBB-42EA-B46C-AC3926E18725}.Release|x64.ActiveCfg = Release|Any CPU
		{C0EDEBBB-BEBB-42EA-B46C-AC3926E18725}.Release|x64.Build.0 = Release|Any CPU
		{C0EDEBBB-BEBB-42EA-B46C-AC3926E18725}.Release|x86.ActiveCfg = Release|Any CPU
		{C0EDEBBB-BEBB-42EA-B46C-AC3926E18725}.Release|x86.Build.0 = Release|Any CPU
	EndGlobalSection
	GlobalSection(SolutionProperties) = preSolution
		HideSolutionNode = FALSE
	EndGlobalSection
	GlobalSection(NestedProjects) = preSolution
		{F5AF5AD6-ED69-455D-9A38-0D29A5D2D230} = {827E0CD3-B72D-47B6-A68D-7590B98EB39B}
		{AE604C2D-647E-43B8-9CEB-DBE85B193886} = {827E0CD3-B72D-47B6-A68D-7590B98EB39B}
		{C0EDEBBB-BEBB-42EA-B46C-AC3926E18725} = {827E0CD3-B72D-47B6-A68D-7590B98EB39B}
	EndGlobalSection
EndGlobal
